// !$*UTF8*$!
{
	archiveVersion = 1;
	classes = {
	};
	objectVersion = 55;
	objects = {

/* Begin PBXBuildFile section */
		52E2F16E278D2591009BC0E0 /* EdvoraApp.swift in Sources */ = {isa = PBXBuildFile; fileRef = 52E2F16D278D2591009BC0E0 /* EdvoraApp.swift */; };
		52E2F170278D2591009BC0E0 /* ContentView.swift in Sources */ = {isa = PBXBuildFile; fileRef = 52E2F16F278D2591009BC0E0 /* ContentView.swift */; };
		52E2F172278D2592009BC0E0 /* Assets.xcassets in Resources */ = {isa = PBXBuildFile; fileRef = 52E2F171278D2592009BC0E0 /* Assets.xcassets */; };
		52E2F175278D2592009BC0E0 /* Preview Assets.xcassets in Resources */ = {isa = PBXBuildFile; fileRef = 52E2F174278D2592009BC0E0 /* Preview Assets.xcassets */; };
		52E2F17C278D2B4A009BC0E0 /* ForgotPasswordView.swift in Sources */ = {isa = PBXBuildFile; fileRef = 52E2F17B278D2B4A009BC0E0 /* ForgotPasswordView.swift */; };
		52E2F17E278D335F009BC0E0 /* InputBoxView.swift in Sources */ = {isa = PBXBuildFile; fileRef = 52E2F17D278D335F009BC0E0 /* InputBoxView.swift */; };
		52E2F180278D347D009BC0E0 /* ContentModel.swift in Sources */ = {isa = PBXBuildFile; fileRef = 52E2F17F278D347D009BC0E0 /* ContentModel.swift */; };
		52E2F186278D380B009BC0E0 /* SignUpView.swift in Sources */ = {isa = PBXBuildFile; fileRef = 52E2F185278D380B009BC0E0 /* SignUpView.swift */; };
		52E2F188278D3A67009BC0E0 /* LoginView.swift in Sources */ = {isa = PBXBuildFile; fileRef = 52E2F187278D3A67009BC0E0 /* LoginView.swift */; };
		52E2F18A278D3BE8009BC0E0 /* PasswordBoxView.swift in Sources */ = {isa = PBXBuildFile; fileRef = 52E2F189278D3BE8009BC0E0 /* PasswordBoxView.swift */; };
/* End PBXBuildFile section */

/* Begin PBXFileReference section */
		52E2F16A278D2591009BC0E0 /* Edvora.app */ = {isa = PBXFileReference; explicitFileType = wrapper.application; includeInIndex = 0; path = Edvora.app; sourceTree = BUILT_PRODUCTS_DIR; };
		52E2F16D278D2591009BC0E0 /* EdvoraApp.swift */ = {isa = PBXFileReference; lastKnownFileType = sourcecode.swift; path = EdvoraApp.swift; sourceTree = "<group>"; };
		52E2F16F278D2591009BC0E0 /* ContentView.swift */ = {isa = PBXFileReference; lastKnownFileType = sourcecode.swift; path = ContentView.swift; sourceTree = "<group>"; };
		52E2F171278D2592009BC0E0 /* Assets.xcassets */ = {isa = PBXFileReference; lastKnownFileType = folder.assetcatalog; path = Assets.xcassets; sourceTree = "<group>"; };
		52E2F174278D2592009BC0E0 /* Preview Assets.xcassets */ = {isa = PBXFileReference; lastKnownFileType = folder.assetcatalog; path = "Preview Assets.xcassets"; sourceTree = "<group>"; };
		52E2F17B278D2B4A009BC0E0 /* ForgotPasswordView.swift */ = {isa = PBXFileReference; lastKnownFileType = sourcecode.swift; path = ForgotPasswordView.swift; sourceTree = "<group>"; };
		52E2F17D278D335F009BC0E0 /* InputBoxView.swift */ = {isa = PBXFileReference; lastKnownFileType = sourcecode.swift; path = InputBoxView.swift; sourceTree = "<group>"; };
		52E2F17F278D347D009BC0E0 /* ContentModel.swift */ = {isa = PBXFileReference; lastKnownFileType = sourcecode.swift; path = ContentModel.swift; sourceTree = "<group>"; };
		52E2F185278D380B009BC0E0 /* SignUpView.swift */ = {isa = PBXFileReference; lastKnownFileType = sourcecode.swift; path = SignUpView.swift; sourceTree = "<group>"; };
		52E2F187278D3A67009BC0E0 /* LoginView.swift */ = {isa = PBXFileReference; lastKnownFileType = sourcecode.swift; path = LoginView.swift; sourceTree = "<group>"; };
		52E2F189278D3BE8009BC0E0 /* PasswordBoxView.swift */ = {isa = PBXFileReference; lastKnownFileType = sourcecode.swift; path = PasswordBoxView.swift; sourceTree = "<group>"; };
/* End PBXFileReference section */

/* Begin PBXFrameworksBuildPhase section */
		52E2F167278D2591009BC0E0 /* Frameworks */ = {
			isa = PBXFrameworksBuildPhase;
			buildActionMask = 2147483647;
			files = (
			);
			runOnlyForDeploymentPostprocessing = 0;
		};
/* End PBXFrameworksBuildPhase section */

/* Begin PBXGroup section */
		52E2F161278D2591009BC0E0 = {
			isa = PBXGroup;
			children = (
				52E2F16C278D2591009BC0E0 /* Edvora */,
				52E2F16B278D2591009BC0E0 /* Products */,
			);
			sourceTree = "<group>";
		};
		52E2F16B278D2591009BC0E0 /* Products */ = {
			isa = PBXGroup;
			children = (
				52E2F16A278D2591009BC0E0 /* Edvora.app */,
			);
			name = Products;
			sourceTree = "<group>";
		};
		52E2F16C278D2591009BC0E0 /* Edvora */ = {
			isa = PBXGroup;
			children = (
				52E2F16D278D2591009BC0E0 /* EdvoraApp.swift */,
				52E2F181278D3487009BC0E0 /* Views */,
				52E2F182278D34A0009BC0E0 /* VIewModels */,
				52E2F171278D2592009BC0E0 /* Assets.xcassets */,
				52E2F173278D2592009BC0E0 /* Preview Content */,
			);
			path = Edvora;
			sourceTree = "<group>";
		};
		52E2F173278D2592009BC0E0 /* Preview Content */ = {
			isa = PBXGroup;
			children = (
				52E2F174278D2592009BC0E0 /* Preview Assets.xcassets */,
			);
			path = "Preview Content";
			sourceTree = "<group>";
		};
		52E2F181278D3487009BC0E0 /* Views */ = {
			isa = PBXGroup;
			children = (
				52E2F16F278D2591009BC0E0 /* ContentView.swift */,
				52E2F17D278D335F009BC0E0 /* InputBoxView.swift */,
				52E2F17B278D2B4A009BC0E0 /* ForgotPasswordView.swift */,
				52E2F185278D380B009BC0E0 /* SignUpView.swift */,
				52E2F187278D3A67009BC0E0 /* LoginView.swift */,
				52E2F189278D3BE8009BC0E0 /* PasswordBoxView.swift */,
			);
			path = Views;
			sourceTree = "<group>";
		};
		52E2F182278D34A0009BC0E0 /* VIewModels */ = {
			isa = PBXGroup;
			children = (
				52E2F17F278D347D009BC0E0 /* ContentModel.swift */,
			);
			path = VIewModels;
			sourceTree = "<group>";
		};
/* End PBXGroup section */

/* Begin PBXNativeTarget section */
		52E2F169278D2591009BC0E0 /* Edvora */ = {
			isa = PBXNativeTarget;
			buildConfigurationList = 52E2F178278D2592009BC0E0 /* Build configuration list for PBXNativeTarget "Edvora" */;
			buildPhases = (
				52E2F166278D2591009BC0E0 /* Sources */,
				52E2F167278D2591009BC0E0 /* Frameworks */,
				52E2F168278D2591009BC0E0 /* Resources */,
			);
			buildRules = (
			);
			dependencies = (
			);
			name = Edvora;
			productName = Edvora;
			productReference = 52E2F16A278D2591009BC0E0 /* Edvora.app */;
			productType = "com.apple.product-type.application";
		};
/* End PBXNativeTarget section */

/* Begin PBXProject section */
		52E2F162278D2591009BC0E0 /* Project object */ = {
			isa = PBXProject;
			attributes = {
				BuildIndependentTargetsInParallel = 1;
				LastSwiftUpdateCheck = 1320;
				LastUpgradeCheck = 1320;
				TargetAttributes = {
					52E2F169278D2591009BC0E0 = {
						CreatedOnToolsVersion = 13.2.1;
					};
				};
			};
			buildConfigurationList = 52E2F165278D2591009BC0E0 /* Build configuration list for PBXProject "Edvora" */;
			compatibilityVersion = "Xcode 13.0";
			developmentRegion = en;
			hasScannedForEncodings = 0;
			knownRegions = (
				en,
				Base,
			);
			mainGroup = 52E2F161278D2591009BC0E0;
			productRefGroup = 52E2F16B278D2591009BC0E0 /* Products */;
			projectDirPath = "";
			projectRoot = "";
			targets = (
				52E2F169278D2591009BC0E0 /* Edvora */,
			);
		};
/* End PBXProject section */

/* Begin PBXResourcesBuildPhase section */
		52E2F168278D2591009BC0E0 /* Resources */ = {
			isa = PBXResourcesBuildPhase;
			buildActionMask = 2147483647;
			files = (
				52E2F175278D2592009BC0E0 /* Preview Assets.xcassets in Resources */,
				52E2F172278D2592009BC0E0 /* Assets.xcassets in Resources */,
			);
			runOnlyForDeploymentPostprocessing = 0;
		};
/* End PBXResourcesBuildPhase section */

/* Begin PBXSourcesBuildPhase section */
		52E2F166278D2591009BC0E0 /* Sources */ = {
			isa = PBXSourcesBuildPhase;
			buildActionMask = 2147483647;
			files = (
				52E2F170278D2591009BC0E0 /* ContentView.swift in Sources */,
				52E2F188278D3A67009BC0E0 /* LoginView.swift in Sources */,
				52E2F17E278D335F009BC0E0 /* InputBoxView.swift in Sources */,
				52E2F180278D347D009BC0E0 /* ContentModel.swift in Sources */,
				52E2F17C278D2B4A009BC0E0 /* ForgotPasswordView.swift in Sources */,
				52E2F186278D380B009BC0E0 /* SignUpView.swift in Sources */,
				52E2F16E278D2591009BC0E0 /* EdvoraApp.swift in Sources */,
				52E2F18A278D3BE8009BC0E0 /* PasswordBoxView.swift in Sources */,
			);
			runOnlyForDeploymentPostprocessing = 0;
		};
/* End PBXSourcesBuildPhase section */

/* Begin XCBuildConfiguration section */
		52E2F176278D2592009BC0E0 /* Debug */ = {
			isa = XCBuildConfiguration;
			buildSettings = {
				ALWAYS_SEARCH_USER_PATHS = NO;
				CLANG_ANALYZER_NONNULL = YES;
				CLANG_ANALYZER_NUMBER_OBJECT_CONVERSION = YES_AGGRESSIVE;
				CLANG_CXX_LANGUAGE_STANDARD = "gnu++17";
				CLANG_CXX_LIBRARY = "libc++";
				CLANG_ENABLE_MODULES = YES;
				CLANG_ENABLE_OBJC_ARC = YES;
				CLANG_ENABLE_OBJC_WEAK = YES;
				CLANG_WARN_BLOCK_CAPTURE_AUTORELEASING = YES;
				CLANG_WARN_BOOL_CONVERSION = YES;
				CLANG_WARN_COMMA = YES;
				CLANG_WARN_CONSTANT_CONVERSION = YES;
				CLANG_WARN_DEPRECATED_OBJC_IMPLEMENTATIONS = YES;
				CLANG_WARN_DIRECT_OBJC_ISA_USAGE = YES_ERROR;
				CLANG_WARN_DOCUMENTATION_COMMENTS = YES;
				CLANG_WARN_EMPTY_BODY = YES;
				CLANG_WARN_ENUM_CONVERSION = YES;
				CLANG_WARN_INFINITE_RECURSION = YES;
				CLANG_WARN_INT_CONVERSION = YES;
				CLANG_WARN_NON_LITERAL_NULL_CONVERSION = YES;
				CLANG_WARN_OBJC_IMPLICIT_RETAIN_SELF = YES;
				CLANG_WARN_OBJC_LITERAL_CONVERSION = YES;
				CLANG_WARN_OBJC_ROOT_CLASS = YES_ERROR;
				CLANG_WARN_QUOTED_INCLUDE_IN_FRAMEWORK_HEADER = YES;
				CLANG_WARN_RANGE_LOOP_ANALYSIS = YES;
				CLANG_WARN_STRICT_PROTOTYPES = YES;
				CLANG_WARN_SUSPICIOUS_MOVE = YES;
				CLANG_WARN_UNGUARDED_AVAILABILITY = YES_AGGRESSIVE;
				CLANG_WARN_UNREACHABLE_CODE = YES;
				CLANG_WARN__DUPLICATE_METHOD_MATCH = YES;
				COPY_PHASE_STRIP = NO;
				DEBUG_INFORMATION_FORMAT = dwarf;
				ENABLE_STRICT_OBJC_MSGSEND = YES;
				ENABLE_TESTABILITY = YES;
				GCC_C_LANGUAGE_STANDARD = gnu11;
				GCC_DYNAMIC_NO_PIC = NO;
				GCC_NO_COMMON_BLOCKS = YES;
				GCC_OPTIMIZATION_LEVEL = 0;
				GCC_PREPROCESSOR_DEFINITIONS = (
					"DEBUG=1",
					"$(inherited)",
				);
				GCC_WARN_64_TO_32_BIT_CONVERSION = YES;
				GCC_WARN_ABOUT_RETURN_TYPE = YES_ERROR;
				GCC_WARN_UNDECLARED_SELECTOR = YES;
				GCC_WARN_UNINITIALIZED_AUTOS = YES_AGGRESSIVE;
				GCC_WARN_UNUSED_FUNCTION = YES;
				GCC_WARN_UNUSED_VARIABLE = YES;
				IPHONEOS_DEPLOYMENT_TARGET = 15.2;
				MTL_ENABLE_DEBUG_INFO = INCLUDE_SOURCE;
				MTL_FAST_MATH = YES;
				ONLY_ACTIVE_ARCH = YES;
				SDKROOT = iphoneos;
				SWIFT_ACTIVE_COMPILATION_CONDITIONS = DEBUG;
				SWIFT_OPTIMIZATION_LEVEL = "-Onone";
			};
			name = Debug;
		};
		52E2F177278D2592009BC0E0 /* Release */ = {
			isa = XCBuildConfiguration;
			buildSettings = {
				ALWAYS_SEARCH_USER_PATHS = NO;
				CLANG_ANALYZER_NONNULL = YES;
				CLANG_ANALYZER_NUMBER_OBJECT_CONVERSION = YES_AGGRESSIVE;
				CLANG_CXX_LANGUAGE_STANDARD = "gnu++17";
				CLANG_CXX_LIBRARY = "libc++";
				CLANG_ENABLE_MODULES = YES;
				CLANG_ENABLE_OBJC_ARC = YES;
				CLANG_ENABLE_OBJC_WEAK = YES;
				CLANG_WARN_BLOCK_CAPTURE_AUTORELEASING = YES;
				CLANG_WARN_BOOL_CONVERSION = YES;
				CLANG_WARN_COMMA = YES;
				CLANG_WARN_CONSTANT_CONVERSION = YES;
				CLANG_WARN_DEPRECATED_OBJC_IMPLEMENTATIONS = YES;
				CLANG_WARN_DIRECT_OBJC_ISA_USAGE = YES_ERROR;
				CLANG_WARN_DOCUMENTATION_COMMENTS = YES;
				CLANG_WARN_EMPTY_BODY = YES;
				CLANG_WARN_ENUM_CONVERSION = YES;
				CLANG_WARN_INFINITE_RECURSION = YES;
				CLANG_WARN_INT_CONVERSION = YES;
				CLANG_WARN_NON_LITERAL_NULL_CONVERSION = YES;
				CLANG_WARN_OBJC_IMPLICIT_RETAIN_SELF = YES;
				CLANG_WARN_OBJC_LITERAL_CONVERSION = YES;
				CLANG_WARN_OBJC_ROOT_CLASS = YES_ERROR;
				CLANG_WARN_QUOTED_INCLUDE_IN_FRAMEWORK_HEADER = YES;
				CLANG_WARN_RANGE_LOOP_ANALYSIS = YES;
				CLANG_WARN_STRICT_PROTOTYPES = YES;
				CLANG_WARN_SUSPICIOUS_MOVE = YES;
				CLANG_WARN_UNGUARDED_AVAILABILITY = YES_AGGRESSIVE;
				CLANG_WARN_UNREACHABLE_CODE = YES;
				CLANG_WARN__DUPLICATE_METHOD_MATCH = YES;
				COPY_PHASE_STRIP = NO;
				DEBUG_INFORMATION_FORMAT = "dwarf-with-dsym";
				ENABLE_NS_ASSERTIONS = NO;
				ENABLE_STRICT_OBJC_MSGSEND = YES;
				GCC_C_LANGUAGE_STANDARD = gnu11;
				GCC_NO_COMMON_BLOCKS = YES;
				GCC_WARN_64_TO_32_BIT_CONVERSION = YES;
				GCC_WARN_ABOUT_RETURN_TYPE = YES_ERROR;
				GCC_WARN_UNDECLARED_SELECTOR = YES;
				GCC_WARN_UNINITIALIZED_AUTOS = YES_AGGRESSIVE;
				GCC_WARN_UNUSED_FUNCTION = YES;
				GCC_WARN_UNUSED_VARIABLE = YES;
				IPHONEOS_DEPLOYMENT_TARGET = 15.2;
				MTL_ENABLE_DEBUG_INFO = NO;
				MTL_FAST_MATH = YES;
				SDKROOT = iphoneos;
				SWIFT_COMPILATION_MODE = wholemodule;
				SWIFT_OPTIMIZATION_LEVEL = "-O";
				VALIDATE_PRODUCT = YES;
			};
			name = Release;
		};
		52E2F179278D2592009BC0E0 /* Debug */ = {
			isa = XCBuildConfiguration;
			buildSettings = {
				ASSETCATALOG_COMPILER_APPICON_NAME = AppIcon;
				ASSETCATALOG_COMPILER_GLOBAL_ACCENT_COLOR_NAME = AccentColor;
				CODE_SIGN_STYLE = Automatic;
				CURRENT_PROJECT_VERSION = 1;
				DEVELOPMENT_ASSET_PATHS = "\"Edvora/Preview Content\"";
				DEVELOPMENT_TEAM = XR5G243JM7;
				ENABLE_PREVIEWS = YES;
				GENERATE_INFOPLIST_FILE = YES;
				INFOPLIST_KEY_UIApplicationSceneManifest_Generation = YES;
				INFOPLIST_KEY_UIApplicationSupportsIndirectInputEvents = YES;
				INFOPLIST_KEY_UILaunchScreen_Generation = YES;
				INFOPLIST_KEY_UISupportedInterfaceOrientations_iPad = "UIInterfaceOrientationPortrait UIInterfaceOrientationPortraitUpsideDown UIInterfaceOrientationLandscapeLeft UIInterfaceOrientationLandscapeRight";
				INFOPLIST_KEY_UISupportedInterfaceOrientations_iPhone = "UIInterfaceOrientationPortrait UIInterfaceOrientationLandscapeLeft UIInterfaceOrientationLandscapeRight";
				LD_RUNPATH_SEARCH_PATHS = (
					"$(inherited)",
					"@executable_path/Frameworks",
				);
				MARKETING_VERSION = 1.0;
				PRODUCT_BUNDLE_IDENTIFIER = com.codewithvu.Edvora;
				PRODUCT_NAME = "$(TARGET_NAME)";
				SWIFT_EMIT_LOC_STRINGS = YES;
				SWIFT_VERSION = 5.0;
				TARGETED_DEVICE_FAMILY = "1,2";
			};
			name = Debug;
		};
		52E2F17A278D2592009BC0E0 /* Release */ = {
			isa = XCBuildConfiguration;
			buildSettings = {
				ASSETCATALOG_COMPILER_APPICON_NAME = AppIcon;
				ASSETCATALOG_COMPILER_GLOBAL_ACCENT_COLOR_NAME = AccentColor;
				CODE_SIGN_STYLE = Automatic;
				CURRENT_PROJECT_VERSION = 1;
				DEVELOPMENT_ASSET_PATHS = "\"Edvora/Preview Content\"";
				DEVELOPMENT_TEAM = XR5G243JM7;
				ENABLE_PREVIEWS = YES;
				GENERATE_INFOPLIST_FILE = YES;
				INFOPLIST_KEY_UIApplicationSceneManifest_Generation = YES;
				INFOPLIST_KEY_UIApplicationSupportsIndirectInputEvents = YES;
				INFOPLIST_KEY_UILaunchScreen_Generation = YES;
				INFOPLIST_KEY_UISupportedInterfaceOrientations_iPad = "UIInterfaceOrientationPortrait UIInterfaceOrientationPortraitUpsideDown UIInterfaceOrientationLandscapeLeft UIInterfaceOrientationLandscapeRight";
				INFOPLIST_KEY_UISupportedInterfaceOrientations_iPhone = "UIInterfaceOrientationPortrait UIInterfaceOrientationLandscapeLeft UIInterfaceOrientationLandscapeRight";
				LD_RUNPATH_SEARCH_PATHS = (
					"$(inherited)",
					"@executable_path/Frameworks",
				);
				MARKETING_VERSION = 1.0;
				PRODUCT_BUNDLE_IDENTIFIER = com.codewithvu.Edvora;
				PRODUCT_NAME = "$(TARGET_NAME)";
				SWIFT_EMIT_LOC_STRINGS = YES;
				SWIFT_VERSION = 5.0;
				TARGETED_DEVICE_FAMILY = "1,2";
			};
			name = Release;
		};
/* End XCBuildConfiguration section */

/* Begin XCConfigurationList section */
		52E2F165278D2591009BC0E0 /* Build configuration list for PBXProject "Edvora" */ = {
			isa = XCConfigurationList;
			buildConfigurations = (
				52E2F176278D2592009BC0E0 /* Debug */,
				52E2F177278D2592009BC0E0 /* Release */,
			);
			defaultConfigurationIsVisible = 0;
			defaultConfigurationName = Release;
		};
		52E2F178278D2592009BC0E0 /* Build configuration list for PBXNativeTarget "Edvora" */ = {
			isa = XCConfigurationList;
			buildConfigurations = (
				52E2F179278D2592009BC0E0 /* Debug */,
				52E2F17A278D2592009BC0E0 /* Release */,
			);
			defaultConfigurationIsVisible = 0;
			defaultConfigurationName = Release;
		};
/* End XCConfigurationList section */
	};
	rootObject = 52E2F162278D2591009BC0E0 /* Project object */;
}
